// !$*UTF8*$!
{
	archiveVersion = 1;
	classes = {
	};
	objectVersion = 46;
	objects = {

/* Begin PBXBuildFile section */
		086ABD5A19411265005BCB36 /* Foundation.framework in Frameworks */ = {isa = PBXBuildFile; fileRef = 086ABD5919411265005BCB36 /* Foundation.framework */; };
		086ABD5C19411265005BCB36 /* CoreGraphics.framework in Frameworks */ = {isa = PBXBuildFile; fileRef = 086ABD5B19411265005BCB36 /* CoreGraphics.framework */; };
		086ABD5E19411265005BCB36 /* UIKit.framework in Frameworks */ = {isa = PBXBuildFile; fileRef = 086ABD5D19411265005BCB36 /* UIKit.framework */; };
		086ABD6419411265005BCB36 /* InfoPlist.strings in Resources */ = {isa = PBXBuildFile; fileRef = 086ABD6219411265005BCB36 /* InfoPlist.strings */; };
		086ABD6619411265005BCB36 /* main.m in Sources */ = {isa = PBXBuildFile; fileRef = 086ABD6519411265005BCB36 /* main.m */; };
		086ABD6A19411265005BCB36 /* UFLAppDelegate.m in Sources */ = {isa = PBXBuildFile; fileRef = 086ABD6919411265005BCB36 /* UFLAppDelegate.m */; };
		086ABD6D19411265005BCB36 /* Main.storyboard in Resources */ = {isa = PBXBuildFile; fileRef = 086ABD6B19411265005BCB36 /* Main.storyboard */; };
		086ABD7219411265005BCB36 /* Images.xcassets in Resources */ = {isa = PBXBuildFile; fileRef = 086ABD7119411265005BCB36 /* Images.xcassets */; };
		086ABD7919411265005BCB36 /* XCTest.framework in Frameworks */ = {isa = PBXBuildFile; fileRef = 086ABD7819411265005BCB36 /* XCTest.framework */; };
		086ABD7A19411265005BCB36 /* Foundation.framework in Frameworks */ = {isa = PBXBuildFile; fileRef = 086ABD5919411265005BCB36 /* Foundation.framework */; };
		086ABD7B19411265005BCB36 /* UIKit.framework in Frameworks */ = {isa = PBXBuildFile; fileRef = 086ABD5D19411265005BCB36 /* UIKit.framework */; };
		086ABD8319411265005BCB36 /* InfoPlist.strings in Resources */ = {isa = PBXBuildFile; fileRef = 086ABD8119411265005BCB36 /* InfoPlist.strings */; };
		086ABD8519411265005BCB36 /* UITableViewController_Challenge_SolutionTests.m in Sources */ = {isa = PBXBuildFile; fileRef = 086ABD8419411265005BCB36 /* UITableViewController_Challenge_SolutionTests.m */; };
		086ABD901941DA24005BCB36 /* UFLTableViewController.m in Sources */ = {isa = PBXBuildFile; fileRef = 086ABD8F1941DA24005BCB36 /* UFLTableViewController.m */; };
/* End PBXBuildFile section */

/* Begin PBXContainerItemProxy section */
		086ABD7C19411265005BCB36 /* PBXContainerItemProxy */ = {
			isa = PBXContainerItemProxy;
			containerPortal = 086ABD4E19411265005BCB36 /* Project object */;
			proxyType = 1;
			remoteGlobalIDString = 086ABD5519411265005BCB36;
			remoteInfo = "UITableViewController Challenge Solution";
		};
/* End PBXContainerItemProxy section */

/* Begin PBXFileReference section */
		086ABD5619411265005BCB36 /* UITableViewController Challenge Solution.app */ = {isa = PBXFileReference; explicitFileType = wrapper.application; includeInIndex = 0; path = "UITableViewController Challenge Solution.app"; sourceTree = BUILT_PRODUCTS_DIR; };
		086ABD5919411265005BCB36 /* Foundation.framework */ = {isa = PBXFileReference; lastKnownFileType = wrapper.framework; name = Foundation.framework; path = System/Library/Frameworks/Foundation.framework; sourceTree = SDKROOT; };
		086ABD5B19411265005BCB36 /* CoreGraphics.framework */ = {isa = PBXFileReference; lastKnownFileType = wrapper.framework; name = CoreGraphics.framework; path = System/Library/Frameworks/CoreGraphics.framework; sourceTree = SDKROOT; };
		086ABD5D19411265005BCB36 /* UIKit.framework */ = {isa = PBXFileReference; lastKnownFileType = wrapper.framework; name = UIKit.framework; path = System/Library/Frameworks/UIKit.framework; sourceTree = SDKROOT; };
		086ABD6119411265005BCB36 /* UITableViewController Challenge Solution-Info.plist */ = {isa = PBXFileReference; lastKnownFileType = text.plist.xml; path = "UITableViewController Challenge Solution-Info.plist"; sourceTree = "<group>"; };
		086ABD6319411265005BCB36 /* en */ = {isa = PBXFileReference; lastKnownFileType = text.plist.strings; name = en; path = en.lproj/InfoPlist.strings; sourceTree = "<group>"; };
		086ABD6519411265005BCB36 /* main.m */ = {isa = PBXFileReference; lastKnownFileType = sourcecode.c.objc; path = main.m; sourceTree = "<group>"; };
		086ABD6719411265005BCB36 /* UITableViewController Challenge Solution-Prefix.pch */ = {isa = PBXFileReference; lastKnownFileType = sourcecode.c.h; path = "UITableViewController Challenge Solution-Prefix.pch"; sourceTree = "<group>"; };
		086ABD6819411265005BCB36 /* UFLAppDelegate.h */ = {isa = PBXFileReference; lastKnownFileType = sourcecode.c.h; path = UFLAppDelegate.h; sourceTree = "<group>"; };
		086ABD6919411265005BCB36 /* UFLAppDelegate.m */ = {isa = PBXFileReference; lastKnownFileType = sourcecode.c.objc; path = UFLAppDelegate.m; sourceTree = "<group>"; };
		086ABD6C19411265005BCB36 /* Base */ = {isa = PBXFileReference; lastKnownFileType = file.storyboard; name = Base; path = Base.lproj/Main.storyboard; sourceTree = "<group>"; };
		086ABD7119411265005BCB36 /* Images.xcassets */ = {isa = PBXFileReference; lastKnownFileType = folder.assetcatalog; path = Images.xcassets; sourceTree = "<group>"; };
		086ABD7719411265005BCB36 /* UITableViewController Challenge SolutionTests.xctest */ = {isa = PBXFileReference; explicitFileType = wrapper.cfbundle; includeInIndex = 0; path = "UITableViewController Challenge SolutionTests.xctest"; sourceTree = BUILT_PRODUCTS_DIR; };
		086ABD7819411265005BCB36 /* XCTest.framework */ = {isa = PBXFileReference; lastKnownFileType = wrapper.framework; name = XCTest.framework; path = Library/Frameworks/XCTest.framework; sourceTree = DEVELOPER_DIR; };
		086ABD8019411265005BCB36 /* UITableViewController Challenge SolutionTests-Info.plist */ = {isa = PBXFileReference; lastKnownFileType = text.plist.xml; path = "UITableViewController Challenge SolutionTests-Info.plist"; sourceTree = "<group>"; };
		086ABD8219411265005BCB36 /* en */ = {isa = PBXFileReference; lastKnownFileType = text.plist.strings; name = en; path = en.lproj/InfoPlist.strings; sourceTree = "<group>"; };
		086ABD8419411265005BCB36 /* UITableViewController_Challenge_SolutionTests.m */ = {isa = PBXFileReference; lastKnownFileType = sourcecode.c.objc; path = UITableViewController_Challenge_SolutionTests.m; sourceTree = "<group>"; };
		086ABD8E1941DA24005BCB36 /* UFLTableViewController.h */ = {isa = PBXFileReference; fileEncoding = 4; lastKnownFileType = sourcecode.c.h; path = UFLTableViewController.h; sourceTree = "<group>"; };
		086ABD8F1941DA24005BCB36 /* UFLTableViewController.m */ = {isa = PBXFileReference; fileEncoding = 4; lastKnownFileType = sourcecode.c.objc; path = UFLTableViewController.m; sourceTree = "<group>"; };
/* End PBXFileReference section */

/* Begin PBXFrameworksBuildPhase section */
		086ABD5319411265005BCB36 /* Frameworks */ = {
			isa = PBXFrameworksBuildPhase;
			buildActionMask = 2147483647;
			files = (
				086ABD5C19411265005BCB36 /* CoreGraphics.framework in Frameworks */,
				086ABD5E19411265005BCB36 /* UIKit.framework in Frameworks */,
				086ABD5A19411265005BCB36 /* Foundation.framework in Frameworks */,
			);
			runOnlyForDeploymentPostprocessing = 0;
		};
		086ABD7419411265005BCB36 /* Frameworks */ = {
			isa = PBXFrameworksBuildPhase;
			buildActionMask = 2147483647;
			files = (
				086ABD7919411265005BCB36 /* XCTest.framework in Frameworks */,
				086ABD7B19411265005BCB36 /* UIKit.framework in Frameworks */,
				086ABD7A19411265005BCB36 /* Foundation.framework in Frameworks */,
			);
			runOnlyForDeploymentPostprocessing = 0;
		};
/* End PBXFrameworksBuildPhase section */

/* Begin PBXGroup section */
		086ABD4D19411265005BCB36 = {
			isa = PBXGroup;
			children = (
				086ABD5F19411265005BCB36 /* UITableViewController Challenge Solution */,
				086ABD7E19411265005BCB36 /* UITableViewController Challenge SolutionTests */,
				086ABD5819411265005BCB36 /* Frameworks */,
				086ABD5719411265005BCB36 /* Products */,
			);
			sourceTree = "<group>";
		};
		086ABD5719411265005BCB36 /* Products */ = {
			isa = PBXGroup;
			children = (
				086ABD5619411265005BCB36 /* UITableViewController Challenge Solution.app */,
				086ABD7719411265005BCB36 /* UITableViewController Challenge SolutionTests.xctest */,
			);
			name = Products;
			sourceTree = "<group>";
		};
		086ABD5819411265005BCB36 /* Frameworks */ = {
			isa = PBXGroup;
			children = (
				086ABD5919411265005BCB36 /* Foundation.framework */,
				086ABD5B19411265005BCB36 /* CoreGraphics.framework */,
				086ABD5D19411265005BCB36 /* UIKit.framework */,
				086ABD7819411265005BCB36 /* XCTest.framework */,
			);
			name = Frameworks;
			sourceTree = "<group>";
		};
		086ABD5F19411265005BCB36 /* UITableViewController Challenge Solution */ = {
			isa = PBXGroup;
			children = (
				086ABD6819411265005BCB36 /* UFLAppDelegate.h */,
				086ABD6919411265005BCB36 /* UFLAppDelegate.m */,
				086ABD6B19411265005BCB36 /* Main.storyboard */,
				086ABD8E1941DA24005BCB36 /* UFLTableViewController.h */,
				086ABD8F1941DA24005BCB36 /* UFLTableViewController.m */,
				086ABD7119411265005BCB36 /* Images.xcassets */,
				086ABD6019411265005BCB36 /* Supporting Files */,
			);
			path = "UITableViewController Challenge Solution";
			sourceTree = "<group>";
		};
		086ABD6019411265005BCB36 /* Supporting Files */ = {
			isa = PBXGroup;
			children = (
				086ABD6119411265005BCB36 /* UITableViewController Challenge Solution-Info.plist */,
				086ABD6219411265005BCB36 /* InfoPlist.strings */,
				086ABD6519411265005BCB36 /* main.m */,
				086ABD6719411265005BCB36 /* UITableViewController Challenge Solution-Prefix.pch */,
			);
			name = "Supporting Files";
			sourceTree = "<group>";
		};
		086ABD7E19411265005BCB36 /* UITableViewController Challenge SolutionTests */ = {
			isa = PBXGroup;
			children = (
				086ABD8419411265005BCB36 /* UITableViewController_Challenge_SolutionTests.m */,
				086ABD7F19411265005BCB36 /* Supporting Files */,
			);
			path = "UITableViewController Challenge SolutionTests";
			sourceTree = "<group>";
		};
		086ABD7F19411265005BCB36 /* Supporting Files */ = {
			isa = PBXGroup;
			children = (
				086ABD8019411265005BCB36 /* UITableViewController Challenge SolutionTests-Info.plist */,
				086ABD8119411265005BCB36 /* InfoPlist.strings */,
			);
			name = "Supporting Files";
			sourceTree = "<group>";
		};
/* End PBXGroup section */

/* Begin PBXNativeTarget section */
		086ABD5519411265005BCB36 /* UITableViewController Challenge Solution */ = {
			isa = PBXNativeTarget;
			buildConfigurationList = 086ABD8819411265005BCB36 /* Build configuration list for PBXNativeTarget "UITableViewController Challenge Solution" */;
			buildPhases = (
				086ABD5219411265005BCB36 /* Sources */,
				086ABD5319411265005BCB36 /* Frameworks */,
				086ABD5419411265005BCB36 /* Resources */,
			);
			buildRules = (
			);
			dependencies = (
			);
			name = "UITableViewController Challenge Solution";
			productName = "UITableViewController Challenge Solution";
			productReference = 086ABD5619411265005BCB36 /* UITableViewController Challenge Solution.app */;
			productType = "com.apple.product-type.application";
		};
		086ABD7619411265005BCB36 /* UITableViewController Challenge SolutionTests */ = {
			isa = PBXNativeTarget;
			buildConfigurationList = 086ABD8B19411265005BCB36 /* Build configuration list for PBXNativeTarget "UITableViewController Challenge SolutionTests" */;
			buildPhases = (
				086ABD7319411265005BCB36 /* Sources */,
				086ABD7419411265005BCB36 /* Frameworks */,
				086ABD7519411265005BCB36 /* Resources */,
			);
			buildRules = (
			);
			dependencies = (
				086ABD7D19411265005BCB36 /* PBXTargetDependency */,
			);
			name = "UITableViewController Challenge SolutionTests";
			productName = "UITableViewController Challenge SolutionTests";
			productReference = 086ABD7719411265005BCB36 /* UITableViewController Challenge SolutionTests.xctest */;
			productType = "com.apple.product-type.bundle.unit-test";
		};
/* End PBXNativeTarget section */

/* Begin PBXProject section */
		086ABD4E19411265005BCB36 /* Project object */ = {
			isa = PBXProject;
			attributes = {
				CLASSPREFIX = UFL;
				LastUpgradeCheck = 0510;
				ORGANIZATIONNAME = "Prater, Jacob B";
				TargetAttributes = {
					086ABD7619411265005BCB36 = {
						TestTargetID = 086ABD5519411265005BCB36;
					};
				};
			};
			buildConfigurationList = 086ABD5119411265005BCB36 /* Build configuration list for PBXProject "UITableViewController Challenge Solution" */;
			compatibilityVersion = "Xcode 3.2";
			developmentRegion = English;
			hasScannedForEncodings = 0;
			knownRegions = (
				en,
				Base,
			);
			mainGroup = 086ABD4D19411265005BCB36;
			productRefGroup = 086ABD5719411265005BCB36 /* Products */;
			projectDirPath = "";
			projectRoot = "";
			targets = (
				086ABD5519411265005BCB36 /* UITableViewController Challenge Solution */,
				086ABD7619411265005BCB36 /* UITableViewController Challenge SolutionTests */,
			);
		};
/* End PBXProject section */

/* Begin PBXResourcesBuildPhase section */
		086ABD5419411265005BCB36 /* Resources */ = {
			isa = PBXResourcesBuildPhase;
			buildActionMask = 2147483647;
			files = (
				086ABD7219411265005BCB36 /* Images.xcassets in Resources */,
				086ABD6419411265005BCB36 /* InfoPlist.strings in Resources */,
				086ABD6D19411265005BCB36 /* Main.storyboard in Resources */,
			);
			runOnlyForDeploymentPostprocessing = 0;
		};
		086ABD7519411265005BCB36 /* Resources */ = {
			isa = PBXResourcesBuildPhase;
			buildActionMask = 2147483647;
			files = (
				086ABD8319411265005BCB36 /* InfoPlist.strings in Resources */,
			);
			runOnlyForDeploymentPostprocessing = 0;
		};
/* End PBXResourcesBuildPhase section */

/* Begin PBXSourcesBuildPhase section */
		086ABD5219411265005BCB36 /* Sources */ = {
			isa = PBXSourcesBuildPhase;
			buildActionMask = 2147483647;
			files = (
				086ABD6A19411265005BCB36 /* UFLAppDelegate.m in Sources */,
				086ABD6619411265005BCB36 /* main.m in Sources */,
				086ABD901941DA24005BCB36 /* UFLTableViewController.m in Sources */,
			);
			runOnlyForDeploymentPostprocessing = 0;
		};
		086ABD7319411265005BCB36 /* Sources */ = {
			isa = PBXSourcesBuildPhase;
			buildActionMask = 2147483647;
			files = (
				086ABD8519411265005BCB36 /* UITableViewController_Challenge_SolutionTests.m in Sources */,
			);
			runOnlyForDeploymentPostprocessing = 0;
		};
/* End PBXSourcesBuildPhase section */

/* Begin PBXTargetDependency section */
		086ABD7D19411265005BCB36 /* PBXTargetDependency */ = {
			isa = PBXTargetDependency;
			target = 086ABD5519411265005BCB36 /* UITableViewController Challenge Solution */;
			targetProxy = 086ABD7C19411265005BCB36 /* PBXContainerItemProxy */;
		};
/* End PBXTargetDependency section */

/* Begin PBXVariantGroup section */
		086ABD6219411265005BCB36 /* InfoPlist.strings */ = {
			isa = PBXVariantGroup;
			children = (
				086ABD6319411265005BCB36 /* en */,
			);
			name = InfoPlist.strings;
			sourceTree = "<group>";
		};
		086ABD6B19411265005BCB36 /* Main.storyboard */ = {
			isa = PBXVariantGroup;
			children = (
				086ABD6C19411265005BCB36 /* Base */,
			);
			name = Main.storyboard;
			sourceTree = "<group>";
		};
		086ABD8119411265005BCB36 /* InfoPlist.strings */ = {
			isa = PBXVariantGroup;
			children = (
				086ABD8219411265005BCB36 /* en */,
			);
			name = InfoPlist.strings;
			sourceTree = "<group>";
		};
/* End PBXVariantGroup section */

/* Begin XCBuildConfiguration section */
		086ABD8619411265005BCB36 /* Debug */ = {
			isa = XCBuildConfiguration;
			buildSettings = {
				ALWAYS_SEARCH_USER_PATHS = NO;
				CLANG_CXX_LANGUAGE_STANDARD = "gnu++0x";
				CLANG_CXX_LIBRARY = "libc++";
				CLANG_ENABLE_MODULES = YES;
				CLANG_ENABLE_OBJC_ARC = YES;
				CLANG_WARN_BOOL_CONVERSION = YES;
				CLANG_WARN_CONSTANT_CONVERSION = YES;
				CLANG_WARN_DIRECT_OBJC_ISA_USAGE = YES_ERROR;
				CLANG_WARN_EMPTY_BODY = YES;
				CLANG_WARN_ENUM_CONVERSION = YES;
				CLANG_WARN_INT_CONVERSION = YES;
				CLANG_WARN_OBJC_ROOT_CLASS = YES_ERROR;
				CLANG_WARN__DUPLICATE_METHOD_MATCH = YES;
				"CODE_SIGN_IDENTITY[sdk=iphoneos*]" = "iPhone Developer";
				COPY_PHASE_STRIP = NO;
				GCC_C_LANGUAGE_STANDARD = gnu99;
				GCC_DYNAMIC_NO_PIC = NO;
				GCC_OPTIMIZATION_LEVEL = 0;
				GCC_PREPROCESSOR_DEFINITIONS = (
					"DEBUG=1",
					"$(inherited)",
				);
				GCC_SYMBOLS_PRIVATE_EXTERN = NO;
				GCC_WARN_64_TO_32_BIT_CONVERSION = YES;
				GCC_WARN_ABOUT_RETURN_TYPE = YES_ERROR;
				GCC_WARN_UNDECLARED_SELECTOR = YES;
				GCC_WARN_UNINITIALIZED_AUTOS = YES_AGGRESSIVE;
				GCC_WARN_UNUSED_FUNCTION = YES;
				GCC_WARN_UNUSED_VARIABLE = YES;
				IPHONEOS_DEPLOYMENT_TARGET = 7.1;
				ONLY_ACTIVE_ARCH = YES;
				SDKROOT = iphoneos;
			};
			name = Debug;
		};
		086ABD8719411265005BCB36 /* Release */ = {
			isa = XCBuildConfiguration;
			buildSettings = {
				ALWAYS_SEARCH_USER_PATHS = NO;
				CLANG_CXX_LANGUAGE_STANDARD = "gnu++0x";
				CLANG_CXX_LIBRARY = "libc++";
				CLANG_ENABLE_MODULES = YES;
				CLANG_ENABLE_OBJC_ARC = YES;
				CLANG_WARN_BOOL_CONVERSION = YES;
				CLANG_WARN_CONSTANT_CONVERSION = YES;
				CLANG_WARN_DIRECT_OBJC_ISA_USAGE = YES_ERROR;
				CLANG_WARN_EMPTY_BODY = YES;
				CLANG_WARN_ENUM_CONVERSION = YES;
				CLANG_WARN_INT_CONVERSION = YES;
				CLANG_WARN_OBJC_ROOT_CLASS = YES_ERROR;
				CLANG_WARN__DUPLICATE_METHOD_MATCH = YES;
				"CODE_SIGN_IDENTITY[sdk=iphoneos*]" = "iPhone Developer";
				COPY_PHASE_STRIP = YES;
				ENABLE_NS_ASSERTIONS = NO;
				GCC_C_LANGUAGE_STANDARD = gnu99;
				GCC_WARN_64_TO_32_BIT_CONVERSION = YES;
				GCC_WARN_ABOUT_RETURN_TYPE = YES_ERROR;
				GCC_WARN_UNDECLARED_SELECTOR = YES;
				GCC_WARN_UNINITIALIZED_AUTOS = YES_AGGRESSIVE;
				GCC_WARN_UNUSED_FUNCTION = YES;
				GCC_WARN_UNUSED_VARIABLE = YES;
				IPHONEOS_DEPLOYMENT_TARGET = 7.1;
				SDKROOT = iphoneos;
				VALIDATE_PRODUCT = YES;
			};
			name = Release;
		};
		086ABD8919411265005BCB36 /* Debug */ = {
			isa = XCBuildConfiguration;
			buildSettings = {
				ASSETCATALOG_COMPILER_APPICON_NAME = AppIcon;
				ASSETCATALOG_COMPILER_LAUNCHIMAGE_NAME = LaunchImage;
				GCC_PRECOMPILE_PREFIX_HEADER = YES;
				GCC_PREFIX_HEADER = "UITableViewController Challenge Solution/UITableViewController Challenge Solution-Prefix.pch";
				INFOPLIST_FILE = "UITableViewController Challenge Solution/UITableViewController Challenge Solution-Info.plist";
				PRODUCT_NAME = "$(TARGET_NAME)";
				WRAPPER_EXTENSION = app;
			};
			name = Debug;
		};
		086ABD8A19411265005BCB36 /* Release */ = {
			isa = XCBuildConfiguration;
			buildSettings = {
				ASSETCATALOG_COMPILER_APPICON_NAME = AppIcon;
				ASSETCATALOG_COMPILER_LAUNCHIMAGE_NAME = LaunchImage;
				GCC_PRECOMPILE_PREFIX_HEADER = YES;
				GCC_PREFIX_HEADER = "UITableViewController Challenge Solution/UITableViewController Challenge Solution-Prefix.pch";
				INFOPLIST_FILE = "UITableViewController Challenge Solution/UITableViewController Challenge Solution-Info.plist";
				PRODUCT_NAME = "$(TARGET_NAME)";
				WRAPPER_EXTENSION = app;
			};
			name = Release;
		};
		086ABD8C19411265005BCB36 /* Debug */ = {
			isa = XCBuildConfiguration;
			buildSettings = {
				BUNDLE_LOADER = "$(BUILT_PRODUCTS_DIR)/UITableViewController Challenge Solution.app/UITableViewController Challenge Solution";
				FRAMEWORK_SEARCH_PATHS = (
					"$(SDKROOT)/Developer/Library/Frameworks",
					"$(inherited)",
					"$(DEVELOPER_FRAMEWORKS_DIR)",
				);
				GCC_PRECOMPILE_PREFIX_HEADER = YES;
				GCC_PREFIX_HEADER = "UITableViewController Challenge Solution/UITableViewController Challenge Solution-Prefix.pch";
				GCC_PREPROCESSOR_DEFINITIONS = (
					"DEBUG=1",
					"$(inherited)",
				);
				INFOPLIST_FILE = "UITableViewController Challenge SolutionTests/UITableViewController Challenge SolutionTests-Info.plist";
				PRODUCT_NAME = "$(TARGET_NAME)";
				TEST_HOST = "$(BUNDLE_LOADER)";
				WRAPPER_EXTENSION = xctest;
			};
			name = Debug;
		};
		086ABD8D19411265005BCB36 /* Release */ = {
			isa = XCBuildConfiguration;
			buildSettings = {
				BUNDLE_LOADER = "$(BUILT_PRODUCTS_DIR)/UITableViewController Challenge Solution.app/UITableViewController Challenge Solution";
				FRAMEWORK_SEARCH_PATHS = (
					"$(SDKROOT)/Developer/Library/Frameworks",
					"$(inherited)",
					"$(DEVELOPER_FRAMEWORKS_DIR)",
				);
				GCC_PRECOMPILE_PREFIX_HEADER = YES;
				GCC_PREFIX_HEADER = "UITableViewController Challenge Solution/UITableViewController Challenge Solution-Prefix.pch";
				INFOPLIST_FILE = "UITableViewController Challenge SolutionTests/UITableViewController Challenge SolutionTests-Info.plist";
				PRODUCT_NAME = "$(TARGET_NAME)";
				TEST_HOST = "$(BUNDLE_LOADER)";
				WRAPPER_EXTENSION = xctest;
			};
			name = Release;
		};
/* End XCBuildConfiguration section */

/* Begin XCConfigurationList section */
		086ABD5119411265005BCB36 /* Build configuration list for PBXProject "UITableViewController Challenge Solution" */ = {
			isa = XCConfigurationList;
			buildConfigurations = (
				086ABD8619411265005BCB36 /* Debug */,
				086ABD8719411265005BCB36 /* Release */,
			);
			defaultConfigurationIsVisible = 0;
			defaultConfigurationName = Release;
		};
		086ABD8819411265005BCB36 /* Build configuration list for PBXNativeTarget "UITableViewController Challenge Solution" */ = {
			isa = XCConfigurationList;
			buildConfigurations = (
				086ABD8919411265005BCB36 /* Debug */,
				086ABD8A19411265005BCB36 /* Release */,
			);
			defaultConfigurationIsVisible = 0;
		};
		086ABD8B19411265005BCB36 /* Build configuration list for PBXNativeTarget "UITableViewController Challenge SolutionTests" */ = {
			isa = XCConfigurationList;
			buildConfigurations = (
				086ABD8C19411265005BCB36 /* Debug */,
				086ABD8D19411265005BCB36 /* Release */,
			);
			defaultConfigurationIsVisible = 0;
		};
/* End XCConfigurationList section */
	};
	rootObject = 086ABD4E19411265005BCB36 /* Project object */;
}
